{
  "requires": true,
  "lockfileVersion": 1,
  "dependencies": {
    "nswag": {
      "version": "13.8.2",
      "resolved": "https://registry.npmjs.org/nswag/-/nswag-13.8.2.tgz",
      "integrity": "sha512-bDEtTohhoUSOC3DFe53kRbsTK1UXMctj70XpLaG+HBVzlNZEbj5DawYcJXsGD7PmCPtFry3X0m17UF8nx6HUxw==",
      "dev": true
    }
  }
}
